
Microsoft Visual Studio Solution File, Format Version 12.00
# Visual Studio Version 17
VisualStudioVersion = 17.7.34018.315
MinimumVisualStudioVersion = 10.0.40219.1
Project("{FAE04EC0-301F-11D3-BF4B-00C04F79EFBC}") = "AvaloniaLeakTest", "AvaloniaLeakTest\AvaloniaLeakTest.csproj", "{D3DF8877-12C7-4E6C-B258-5815BCACFE76}"
EndProject
Global
	GlobalSection(SolutionConfigurationPlatforms) = preSolution
		Debug|Any CPU = Debug|Any CPU
		Release|Any CPU = Release|Any CPU
	EndGlobalSection
	GlobalSection(ProjectConfigurationPlatforms) = postSolution
		{D3DF8877-12C7-4E6C-B258-5815BCACFE76}.Debug|Any CPU.ActiveCfg = Debug|Any CPU
		{D3DF8877-12C7-4E6C-B258-5815BCACFE76}.Debug|Any CPU.Build.0 = Debug|Any CPU
		{D3DF8877-12C7-4E6C-B258-5815BCACFE76}.Release|Any CPU.ActiveCfg = Release|Any CPU
		{D3DF8877-12C7-4E6C-B258-5815BCACFE76}.Release|Any CPU.Build.0 = Release|Any CPU
	EndGlobalSection
	GlobalSection(SolutionProperties) = preSolution
		HideSolutionNode = FALSE
	EndGlobalSection
	GlobalSection(ExtensibilityGlobals) = postSolution
		SolutionGuid = {F92E5B14-0303-44B8-A7FD-F74C69F9B96A}
	EndGlobalSection
EndGlobal
